
Microsoft Visual Studio Solution File, Format Version 12.00
# Visual Studio Version 17
VisualStudioVersion = 17.5.33424.131
MinimumVisualStudioVersion = 10.0.40219.1
Project("{FAE04EC0-301F-11D3-BF4B-00C04F79EFBC}") = "Optica Gaido", "Optica Gaido\Optica Gaido.csproj", "{DE251A33-789C-4A71-BB82-456B979F50C2}"
EndProject
Global
	GlobalSection(SolutionConfigurationPlatforms) = preSolution
		Debug|Any CPU = Debug|Any CPU
		Release|Any CPU = Release|Any CPU
	EndGlobalSection
	GlobalSection(ProjectConfigurationPlatforms) = postSolution
		{DE251A33-789C-4A71-BB82-456B979F50C2}.Debug|Any CPU.ActiveCfg = Debug|Any CPU
		{DE251A33-789C-4A71-BB82-456B979F50C2}.Debug|Any CPU.Build.0 = Debug|Any CPU
		{DE251A33-789C-4A71-BB82-456B979F50C2}.Release|Any CPU.ActiveCfg = Release|Any CPU
		{DE251A33-789C-4A71-BB82-456B979F50C2}.Release|Any CPU.Build.0 = Release|Any CPU
	EndGlobalSection
	GlobalSection(SolutionProperties) = preSolution
		HideSolutionNode = FALSE
	EndGlobalSection
	GlobalSection(ExtensibilityGlobals) = postSolution
		SolutionGuid = {D1CFD661-70B3-4878-9B44-2F47FB7BFC3F}
	EndGlobalSection
EndGlobal
